{
  "name": "dissonant-beats",
  "version": "1.0.0",
  "lockfileVersion": 3,
  "requires": true,
  "packages": {
    "": {
      "name": "dissonant-beats",
      "version": "1.0.0",
      "dependencies": {
        "firebase": "latest",
        "next": "latest",
        "react": "latest",
        "react-dom": "latest"
      }
    }
  }
}
